// !$*UTF8*$!
{
	archiveVersion = 1;
	classes = {
	};
	objectVersion = 50;
	objects = {

/* Begin PBXBuildFile section */
		A53EA41E26A57D4800D673D7 /* AppDelegate.swift in Sources */ = {isa = PBXBuildFile; fileRef = A53EA41D26A57D4800D673D7 /* AppDelegate.swift */; };
		A53EA42226A57D4800D673D7 /* SelectViewController.swift in Sources */ = {isa = PBXBuildFile; fileRef = A53EA42126A57D4800D673D7 /* SelectViewController.swift */; };
		A53EA42526A57D4800D673D7 /* Main.storyboard in Resources */ = {isa = PBXBuildFile; fileRef = A53EA42326A57D4800D673D7 /* Main.storyboard */; };
		A53EA42726A57D4A00D673D7 /* Assets.xcassets in Resources */ = {isa = PBXBuildFile; fileRef = A53EA42626A57D4A00D673D7 /* Assets.xcassets */; };
		A53EA42A26A57D4A00D673D7 /* LaunchScreen.storyboard in Resources */ = {isa = PBXBuildFile; fileRef = A53EA42826A57D4A00D673D7 /* LaunchScreen.storyboard */; };
		A53EA43626A593D900D673D7 /* Extensions.swift in Sources */ = {isa = PBXBuildFile; fileRef = A53EA43526A593D900D673D7 /* Extensions.swift */; };
		A53EA43826A61E7A00D673D7 /* EditorViewController.swift in Sources */ = {isa = PBXBuildFile; fileRef = A53EA43726A61E7A00D673D7 /* EditorViewController.swift */; };
		A53EA43C26A7DC2500D673D7 /* FilterCollectionViewCell.swift in Sources */ = {isa = PBXBuildFile; fileRef = A53EA43B26A7DC2500D673D7 /* FilterCollectionViewCell.swift */; };
		A5675DB828205967007F0881 /* StickerCollectionViewCell.swift in Sources */ = {isa = PBXBuildFile; fileRef = A5675DB728205967007F0881 /* StickerCollectionViewCell.swift */; };
		A5675DBB28244DCC007F0881 /* StickerContainerView.swift in Sources */ = {isa = PBXBuildFile; fileRef = A5675DBA28244DCC007F0881 /* StickerContainerView.swift */; };
		A5758E562871E44400BFAD97 /* FilterView.swift in Sources */ = {isa = PBXBuildFile; fileRef = A5758E552871E44400BFAD97 /* FilterView.swift */; };
		A5758E582871E45400BFAD97 /* FilterView.xib in Resources */ = {isa = PBXBuildFile; fileRef = A5758E572871E45400BFAD97 /* FilterView.xib */; };
		A5758E5C2871F83000BFAD97 /* UIImage+Extention.swift in Sources */ = {isa = PBXBuildFile; fileRef = A5758E5B2871F83000BFAD97 /* UIImage+Extention.swift */; };
		A581C8A326AAE15C00501923 /* File.swift in Sources */ = {isa = PBXBuildFile; fileRef = A581C8A226AAE15C00501923 /* File.swift */; };
		A590ED3F2870BA4200F28815 /* CropViewController.swift in Sources */ = {isa = PBXBuildFile; fileRef = A590ED3D2870BA4200F28815 /* CropViewController.swift */; };
		A590EE352870BCEF00F28815 /* TOActivityCroppedImageProvider.m in Sources */ = {isa = PBXBuildFile; fileRef = A590EE1E2870BCEF00F28815 /* TOActivityCroppedImageProvider.m */; };
		A590EE362870BCEF00F28815 /* TOCropViewControllerTransitioning.m in Sources */ = {isa = PBXBuildFile; fileRef = A590EE1F2870BCEF00F28815 /* TOCropViewControllerTransitioning.m */; };
		A590EE372870BCEF00F28815 /* TOCroppedImageAttributes.m in Sources */ = {isa = PBXBuildFile; fileRef = A590EE202870BCEF00F28815 /* TOCroppedImageAttributes.m */; };
		A590EE382870BCEF00F28815 /* TOCropViewController.m in Sources */ = {isa = PBXBuildFile; fileRef = A590EE242870BCEF00F28815 /* TOCropViewController.m */; };
		A590EE3A2870BCEF00F28815 /* TOCropScrollView.m in Sources */ = {isa = PBXBuildFile; fileRef = A590EE2B2870BCEF00F28815 /* TOCropScrollView.m */; };
		A590EE3B2870BCEF00F28815 /* TOCropView.m in Sources */ = {isa = PBXBuildFile; fileRef = A590EE2C2870BCEF00F28815 /* TOCropView.m */; };
		A590EE3C2870BCEF00F28815 /* TOCropOverlayView.m in Sources */ = {isa = PBXBuildFile; fileRef = A590EE2D2870BCEF00F28815 /* TOCropOverlayView.m */; };
		A590EE3D2870BCEF00F28815 /* TOCropToolbar.m in Sources */ = {isa = PBXBuildFile; fileRef = A590EE2E2870BCEF00F28815 /* TOCropToolbar.m */; };
		A590EE3E2870BCEF00F28815 /* UIImage+CropRotate.m in Sources */ = {isa = PBXBuildFile; fileRef = A590EE312870BCEF00F28815 /* UIImage+CropRotate.m */; };
		A5EC50472809EDA900F7DCD6 /* StickerView.swift in Sources */ = {isa = PBXBuildFile; fileRef = A5EC50462809EDA900F7DCD6 /* StickerView.swift */; };
		A5EC50492809EDC200F7DCD6 /* StickerView.xib in Resources */ = {isa = PBXBuildFile; fileRef = A5EC50482809EDC200F7DCD6 /* StickerView.xib */; };
		A5F1162827FCAFF20060CF2C /* Home.storyboard in Resources */ = {isa = PBXBuildFile; fileRef = A5F1162727FCAFF20060CF2C /* Home.storyboard */; };
		A5F1162A27FCB4170060CF2C /* HomeViewController.swift in Sources */ = {isa = PBXBuildFile; fileRef = A5F1162927FCB4170060CF2C /* HomeViewController.swift */; };
		A5FA11FB286F57E700DFEE55 /* EditViewController.swift in Sources */ = {isa = PBXBuildFile; fileRef = A5FA11F9286F57E700DFEE55 /* EditViewController.swift */; };
		A5FA11FC286F57E700DFEE55 /* EditViewController.xib in Resources */ = {isa = PBXBuildFile; fileRef = A5FA11FA286F57E700DFEE55 /* EditViewController.xib */; };
/* End PBXBuildFile section */

/* Begin PBXFileReference section */
		A53EA41A26A57D4800D673D7 /* PhotoEditor.app */ = {isa = PBXFileReference; explicitFileType = wrapper.application; includeInIndex = 0; path = PhotoEditor.app; sourceTree = BUILT_PRODUCTS_DIR; };
		A53EA41D26A57D4800D673D7 /* AppDelegate.swift */ = {isa = PBXFileReference; lastKnownFileType = sourcecode.swift; path = AppDelegate.swift; sourceTree = "<group>"; };
		A53EA42126A57D4800D673D7 /* SelectViewController.swift */ = {isa = PBXFileReference; lastKnownFileType = sourcecode.swift; path = SelectViewController.swift; sourceTree = "<group>"; };
		A53EA42426A57D4800D673D7 /* Base */ = {isa = PBXFileReference; lastKnownFileType = file.storyboard; name = Base; path = Base.lproj/Main.storyboard; sourceTree = "<group>"; };
		A53EA42626A57D4A00D673D7 /* Assets.xcassets */ = {isa = PBXFileReference; lastKnownFileType = folder.assetcatalog; path = Assets.xcassets; sourceTree = "<group>"; };
		A53EA42926A57D4A00D673D7 /* Base */ = {isa = PBXFileReference; lastKnownFileType = file.storyboard; name = Base; path = Base.lproj/LaunchScreen.storyboard; sourceTree = "<group>"; };
		A53EA42B26A57D4A00D673D7 /* Info.plist */ = {isa = PBXFileReference; lastKnownFileType = text.plist.xml; path = Info.plist; sourceTree = "<group>"; };
		A53EA43526A593D900D673D7 /* Extensions.swift */ = {isa = PBXFileReference; lastKnownFileType = sourcecode.swift; path = Extensions.swift; sourceTree = "<group>"; };
		A53EA43726A61E7A00D673D7 /* EditorViewController.swift */ = {isa = PBXFileReference; lastKnownFileType = sourcecode.swift; path = EditorViewController.swift; sourceTree = "<group>"; };
		A53EA43B26A7DC2500D673D7 /* FilterCollectionViewCell.swift */ = {isa = PBXFileReference; lastKnownFileType = sourcecode.swift; path = FilterCollectionViewCell.swift; sourceTree = "<group>"; };
		A5675DB728205967007F0881 /* StickerCollectionViewCell.swift */ = {isa = PBXFileReference; lastKnownFileType = sourcecode.swift; path = StickerCollectionViewCell.swift; sourceTree = "<group>"; };
		A5675DBA28244DCC007F0881 /* StickerContainerView.swift */ = {isa = PBXFileReference; lastKnownFileType = sourcecode.swift; path = StickerContainerView.swift; sourceTree = "<group>"; };
		A5712D612870A9A00042763A /* Bridging-Header.h */ = {isa = PBXFileReference; lastKnownFileType = sourcecode.c.h; path = "Bridging-Header.h"; sourceTree = "<group>"; };
		A5758E552871E44400BFAD97 /* FilterView.swift */ = {isa = PBXFileReference; lastKnownFileType = sourcecode.swift; path = FilterView.swift; sourceTree = "<group>"; };
		A5758E572871E45400BFAD97 /* FilterView.xib */ = {isa = PBXFileReference; lastKnownFileType = file.xib; path = FilterView.xib; sourceTree = "<group>"; };
		A5758E5B2871F83000BFAD97 /* UIImage+Extention.swift */ = {isa = PBXFileReference; lastKnownFileType = sourcecode.swift; path = "UIImage+Extention.swift"; sourceTree = "<group>"; };
		A581C8A226AAE15C00501923 /* File.swift */ = {isa = PBXFileReference; lastKnownFileType = sourcecode.swift; path = File.swift; sourceTree = "<group>"; };
		A590ED3C2870BA4200F28815 /* CropViewController.h */ = {isa = PBXFileReference; fileEncoding = 4; lastKnownFileType = sourcecode.c.h; path = CropViewController.h; sourceTree = "<group>"; };
		A590ED3D2870BA4200F28815 /* CropViewController.swift */ = {isa = PBXFileReference; fileEncoding = 4; lastKnownFileType = sourcecode.swift; path = CropViewController.swift; sourceTree = "<group>"; };
		A590EDFD2870BCEF00F28815 /* TOCropViewConstants.h */ = {isa = PBXFileReference; fileEncoding = 4; lastKnownFileType = sourcecode.c.h; path = TOCropViewConstants.h; sourceTree = "<group>"; };
		A590EE1E2870BCEF00F28815 /* TOActivityCroppedImageProvider.m */ = {isa = PBXFileReference; fileEncoding = 4; lastKnownFileType = sourcecode.c.objc; path = TOActivityCroppedImageProvider.m; sourceTree = "<group>"; };
		A590EE1F2870BCEF00F28815 /* TOCropViewControllerTransitioning.m */ = {isa = PBXFileReference; fileEncoding = 4; lastKnownFileType = sourcecode.c.objc; path = TOCropViewControllerTransitioning.m; sourceTree = "<group>"; };
		A590EE202870BCEF00F28815 /* TOCroppedImageAttributes.m */ = {isa = PBXFileReference; fileEncoding = 4; lastKnownFileType = sourcecode.c.objc; path = TOCroppedImageAttributes.m; sourceTree = "<group>"; };
		A590EE212870BCEF00F28815 /* TOActivityCroppedImageProvider.h */ = {isa = PBXFileReference; fileEncoding = 4; lastKnownFileType = sourcecode.c.h; path = TOActivityCroppedImageProvider.h; sourceTree = "<group>"; };
		A590EE222870BCEF00F28815 /* TOCropViewControllerTransitioning.h */ = {isa = PBXFileReference; fileEncoding = 4; lastKnownFileType = sourcecode.c.h; path = TOCropViewControllerTransitioning.h; sourceTree = "<group>"; };
		A590EE232870BCEF00F28815 /* TOCroppedImageAttributes.h */ = {isa = PBXFileReference; fileEncoding = 4; lastKnownFileType = sourcecode.c.h; path = TOCroppedImageAttributes.h; sourceTree = "<group>"; };
		A590EE242870BCEF00F28815 /* TOCropViewController.m */ = {isa = PBXFileReference; fileEncoding = 4; lastKnownFileType = sourcecode.c.objc; path = TOCropViewController.m; sourceTree = "<group>"; };
		A590EE282870BCEF00F28815 /* TOCropView.h */ = {isa = PBXFileReference; fileEncoding = 4; lastKnownFileType = sourcecode.c.h; path = TOCropView.h; sourceTree = "<group>"; };
		A590EE292870BCEF00F28815 /* TOCropOverlayView.h */ = {isa = PBXFileReference; fileEncoding = 4; lastKnownFileType = sourcecode.c.h; path = TOCropOverlayView.h; sourceTree = "<group>"; };
		A590EE2A2870BCEF00F28815 /* TOCropToolbar.h */ = {isa = PBXFileReference; fileEncoding = 4; lastKnownFileType = sourcecode.c.h; path = TOCropToolbar.h; sourceTree = "<group>"; };
		A590EE2B2870BCEF00F28815 /* TOCropScrollView.m */ = {isa = PBXFileReference; fileEncoding = 4; lastKnownFileType = sourcecode.c.objc; path = TOCropScrollView.m; sourceTree = "<group>"; };
		A590EE2C2870BCEF00F28815 /* TOCropView.m */ = {isa = PBXFileReference; fileEncoding = 4; lastKnownFileType = sourcecode.c.objc; path = TOCropView.m; sourceTree = "<group>"; };
		A590EE2D2870BCEF00F28815 /* TOCropOverlayView.m */ = {isa = PBXFileReference; fileEncoding = 4; lastKnownFileType = sourcecode.c.objc; path = TOCropOverlayView.m; sourceTree = "<group>"; };
		A590EE2E2870BCEF00F28815 /* TOCropToolbar.m */ = {isa = PBXFileReference; fileEncoding = 4; lastKnownFileType = sourcecode.c.objc; path = TOCropToolbar.m; sourceTree = "<group>"; };
		A590EE2F2870BCEF00F28815 /* TOCropScrollView.h */ = {isa = PBXFileReference; fileEncoding = 4; lastKnownFileType = sourcecode.c.h; path = TOCropScrollView.h; sourceTree = "<group>"; };
		A590EE312870BCEF00F28815 /* UIImage+CropRotate.m */ = {isa = PBXFileReference; fileEncoding = 4; lastKnownFileType = sourcecode.c.objc; path = "UIImage+CropRotate.m"; sourceTree = "<group>"; };
		A590EE322870BCEF00F28815 /* UIImage+CropRotate.h */ = {isa = PBXFileReference; fileEncoding = 4; lastKnownFileType = sourcecode.c.h; path = "UIImage+CropRotate.h"; sourceTree = "<group>"; };
		A590EE332870BCEF00F28815 /* TOCropViewController.h */ = {isa = PBXFileReference; fileEncoding = 4; lastKnownFileType = sourcecode.c.h; path = TOCropViewController.h; sourceTree = "<group>"; };
		A5EC50462809EDA900F7DCD6 /* StickerView.swift */ = {isa = PBXFileReference; lastKnownFileType = sourcecode.swift; path = StickerView.swift; sourceTree = "<group>"; };
		A5EC50482809EDC200F7DCD6 /* StickerView.xib */ = {isa = PBXFileReference; lastKnownFileType = file.xib; path = StickerView.xib; sourceTree = "<group>"; };
		A5F1162727FCAFF20060CF2C /* Home.storyboard */ = {isa = PBXFileReference; lastKnownFileType = file.storyboard; path = Home.storyboard; sourceTree = "<group>"; };
		A5F1162927FCB4170060CF2C /* HomeViewController.swift */ = {isa = PBXFileReference; lastKnownFileType = sourcecode.swift; path = HomeViewController.swift; sourceTree = "<group>"; };
		A5FA11F9286F57E700DFEE55 /* EditViewController.swift */ = {isa = PBXFileReference; lastKnownFileType = sourcecode.swift; path = EditViewController.swift; sourceTree = "<group>"; };
		A5FA11FA286F57E700DFEE55 /* EditViewController.xib */ = {isa = PBXFileReference; lastKnownFileType = file.xib; path = EditViewController.xib; sourceTree = "<group>"; };
/* End PBXFileReference section */

/* Begin PBXFrameworksBuildPhase section */
		A53EA41726A57D4800D673D7 /* Frameworks */ = {
			isa = PBXFrameworksBuildPhase;
			buildActionMask = 2147483647;
			files = (
			);
			runOnlyForDeploymentPostprocessing = 0;
		};
/* End PBXFrameworksBuildPhase section */

/* Begin PBXGroup section */
		A53EA41126A57D4800D673D7 = {
			isa = PBXGroup;
			children = (
				A53EA41C26A57D4800D673D7 /* PhotoEditor */,
				A53EA41B26A57D4800D673D7 /* Products */,
			);
			sourceTree = "<group>";
		};
		A53EA41B26A57D4800D673D7 /* Products */ = {
			isa = PBXGroup;
			children = (
				A53EA41A26A57D4800D673D7 /* PhotoEditor.app */,
			);
			name = Products;
			sourceTree = "<group>";
		};
		A53EA41C26A57D4800D673D7 /* PhotoEditor */ = {
			isa = PBXGroup;
			children = (
				A53EA41D26A57D4800D673D7 /* AppDelegate.swift */,
				A5758E5A2871F81500BFAD97 /* Helper */,
				A53EA43326A57ECF00D673D7 /* Resources */,
				A581C8A126AACBCF00501923 /* Model */,
				A53EA43226A57E9600D673D7 /* Views */,
				A53EA43126A57E7100D673D7 /* Controllers */,
				A53EA42626A57D4A00D673D7 /* Assets.xcassets */,
				A53EA42B26A57D4A00D673D7 /* Info.plist */,
			);
			path = PhotoEditor;
			sourceTree = "<group>";
		};
		A53EA43126A57E7100D673D7 /* Controllers */ = {
			isa = PBXGroup;
			children = (
				A5FA11F8286F57C100DFEE55 /* Edit */,
				A5F1162627FCAFA70060CF2C /* Home */,
				A53EA42126A57D4800D673D7 /* SelectViewController.swift */,
				A53EA43726A61E7A00D673D7 /* EditorViewController.swift */,
			);
			path = Controllers;
			sourceTree = "<group>";
		};
		A53EA43226A57E9600D673D7 /* Views */ = {
			isa = PBXGroup;
			children = (
				A5758E542871E40B00BFAD97 /* Filters */,
				A5EC50452809ED4700F7DCD6 /* Sticker */,
				A53EA43426A57F5300D673D7 /* Storyboards */,
				A5675DBA28244DCC007F0881 /* StickerContainerView.swift */,
			);
			path = Views;
			sourceTree = "<group>";
		};
		A53EA43326A57ECF00D673D7 /* Resources */ = {
			isa = PBXGroup;
			children = (
				A590EDEF2870BCEF00F28815 /* TOCropViewController */,
				A590ED3B2870BA4200F28815 /* CropViewController */,
				A53EA43526A593D900D673D7 /* Extensions.swift */,
				A5712D612870A9A00042763A /* Bridging-Header.h */,
			);
			path = Resources;
			sourceTree = "<group>";
		};
		A53EA43426A57F5300D673D7 /* Storyboards */ = {
			isa = PBXGroup;
			children = (
				A53EA42326A57D4800D673D7 /* Main.storyboard */,
				A53EA42826A57D4A00D673D7 /* LaunchScreen.storyboard */,
			);
			path = Storyboards;
			sourceTree = "<group>";
		};
		A5675DB928206168007F0881 /* Cell */ = {
			isa = PBXGroup;
			children = (
				A5675DB728205967007F0881 /* StickerCollectionViewCell.swift */,
			);
			path = Cell;
			sourceTree = "<group>";
		};
		A5758E542871E40B00BFAD97 /* Filters */ = {
			isa = PBXGroup;
			children = (
				A5758E552871E44400BFAD97 /* FilterView.swift */,
				A5758E572871E45400BFAD97 /* FilterView.xib */,
				A5758E592871F0D800BFAD97 /* Cell */,
			);
			path = Filters;
			sourceTree = "<group>";
		};
		A5758E592871F0D800BFAD97 /* Cell */ = {
			isa = PBXGroup;
			children = (
				A53EA43B26A7DC2500D673D7 /* FilterCollectionViewCell.swift */,
			);
			path = Cell;
			sourceTree = "<group>";
		};
		A5758E5A2871F81500BFAD97 /* Helper */ = {
			isa = PBXGroup;
			children = (
				A5758E5B2871F83000BFAD97 /* UIImage+Extention.swift */,
			);
			path = Helper;
			sourceTree = "<group>";
		};
		A581C8A126AACBCF00501923 /* Model */ = {
			isa = PBXGroup;
			children = (
				A581C8A226AAE15C00501923 /* File.swift */,
			);
			path = Model;
			sourceTree = "<group>";
		};
		A590ED3B2870BA4200F28815 /* CropViewController */ = {
			isa = PBXGroup;
			children = (
				A590ED3C2870BA4200F28815 /* CropViewController.h */,
				A590ED3D2870BA4200F28815 /* CropViewController.swift */,
			);
			path = CropViewController;
			sourceTree = "<group>";
		};
		A590EDEF2870BCEF00F28815 /* TOCropViewController */ = {
			isa = PBXGroup;
			children = (
				A590EDFC2870BCEF00F28815 /* Constants */,
				A590EE1D2870BCEF00F28815 /* Models */,
				A590EE242870BCEF00F28815 /* TOCropViewController.m */,
				A590EE272870BCEF00F28815 /* Views */,
				A590EE302870BCEF00F28815 /* Categories */,
				A590EE332870BCEF00F28815 /* TOCropViewController.h */,
			);
			path = TOCropViewController;
			sourceTree = "<group>";
		};
		A590EDFC2870BCEF00F28815 /* Constants */ = {
			isa = PBXGroup;
			children = (
				A590EDFD2870BCEF00F28815 /* TOCropViewConstants.h */,
			);
			path = Constants;
			sourceTree = "<group>";
		};
		A590EE1D2870BCEF00F28815 /* Models */ = {
			isa = PBXGroup;
			children = (
				A590EE1E2870BCEF00F28815 /* TOActivityCroppedImageProvider.m */,
				A590EE1F2870BCEF00F28815 /* TOCropViewControllerTransitioning.m */,
				A590EE202870BCEF00F28815 /* TOCroppedImageAttributes.m */,
				A590EE212870BCEF00F28815 /* TOActivityCroppedImageProvider.h */,
				A590EE222870BCEF00F28815 /* TOCropViewControllerTransitioning.h */,
				A590EE232870BCEF00F28815 /* TOCroppedImageAttributes.h */,
			);
			path = Models;
			sourceTree = "<group>";
		};
		A590EE272870BCEF00F28815 /* Views */ = {
			isa = PBXGroup;
			children = (
				A590EE282870BCEF00F28815 /* TOCropView.h */,
				A590EE292870BCEF00F28815 /* TOCropOverlayView.h */,
				A590EE2A2870BCEF00F28815 /* TOCropToolbar.h */,
				A590EE2B2870BCEF00F28815 /* TOCropScrollView.m */,
				A590EE2C2870BCEF00F28815 /* TOCropView.m */,
				A590EE2D2870BCEF00F28815 /* TOCropOverlayView.m */,
				A590EE2E2870BCEF00F28815 /* TOCropToolbar.m */,
				A590EE2F2870BCEF00F28815 /* TOCropScrollView.h */,
			);
			path = Views;
			sourceTree = "<group>";
		};
		A590EE302870BCEF00F28815 /* Categories */ = {
			isa = PBXGroup;
			children = (
				A590EE312870BCEF00F28815 /* UIImage+CropRotate.m */,
				A590EE322870BCEF00F28815 /* UIImage+CropRotate.h */,
			);
			path = Categories;
			sourceTree = "<group>";
		};
		A5EC50452809ED4700F7DCD6 /* Sticker */ = {
			isa = PBXGroup;
			children = (
				A5EC50462809EDA900F7DCD6 /* StickerView.swift */,
				A5EC50482809EDC200F7DCD6 /* StickerView.xib */,
				A5675DB928206168007F0881 /* Cell */,
			);
			path = Sticker;
			sourceTree = "<group>";
		};
		A5F1162627FCAFA70060CF2C /* Home */ = {
			isa = PBXGroup;
			children = (
				A5F1162727FCAFF20060CF2C /* Home.storyboard */,
				A5F1162927FCB4170060CF2C /* HomeViewController.swift */,
			);
			path = Home;
			sourceTree = "<group>";
		};
		A5FA11F8286F57C100DFEE55 /* Edit */ = {
			isa = PBXGroup;
			children = (
				A5FA11F9286F57E700DFEE55 /* EditViewController.swift */,
				A5FA11FA286F57E700DFEE55 /* EditViewController.xib */,
			);
			path = Edit;
			sourceTree = "<group>";
		};
/* End PBXGroup section */

/* Begin PBXNativeTarget section */
		A53EA41926A57D4800D673D7 /* PhotoEditor */ = {
			isa = PBXNativeTarget;
			buildConfigurationList = A53EA42E26A57D4A00D673D7 /* Build configuration list for PBXNativeTarget "PhotoEditor" */;
			buildPhases = (
				A53EA41626A57D4800D673D7 /* Sources */,
				A53EA41726A57D4800D673D7 /* Frameworks */,
				A53EA41826A57D4800D673D7 /* Resources */,
			);
			buildRules = (
			);
			dependencies = (
			);
			name = PhotoEditor;
			productName = PhotoEditor;
			productReference = A53EA41A26A57D4800D673D7 /* PhotoEditor.app */;
			productType = "com.apple.product-type.application";
		};
/* End PBXNativeTarget section */

/* Begin PBXProject section */
		A53EA41226A57D4800D673D7 /* Project object */ = {
			isa = PBXProject;
			attributes = {
				LastSwiftUpdateCheck = 1250;
				LastUpgradeCheck = 1250;
				TargetAttributes = {
					A53EA41926A57D4800D673D7 = {
						CreatedOnToolsVersion = 12.5.1;
					};
				};
			};
			buildConfigurationList = A53EA41526A57D4800D673D7 /* Build configuration list for PBXProject "PhotoEditor" */;
			compatibilityVersion = "Xcode 9.3";
			developmentRegion = en;
			hasScannedForEncodings = 0;
			knownRegions = (
				en,
				Base,
				de,
				ar,
				"zh-Hans",
				ja,
				fa,
				es,
				it,
				sk,
				ms,
				cs,
				ko,
				"zh-Hant",
				"fa-IR",
				hu,
				"da-DK",
				tr,
				pl,
				"pt-BR",
				vi,
				ru,
				fr,
				fi,
				id,
				nl,
				pt,
				ro,
				ca,
			);
			mainGroup = A53EA41126A57D4800D673D7;
			productRefGroup = A53EA41B26A57D4800D673D7 /* Products */;
			projectDirPath = "";
			projectRoot = "";
			targets = (
				A53EA41926A57D4800D673D7 /* PhotoEditor */,
			);
		};
/* End PBXProject section */

/* Begin PBXResourcesBuildPhase section */
		A53EA41826A57D4800D673D7 /* Resources */ = {
			isa = PBXResourcesBuildPhase;
			buildActionMask = 2147483647;
			files = (
				A5FA11FC286F57E700DFEE55 /* EditViewController.xib in Resources */,
				A53EA42A26A57D4A00D673D7 /* LaunchScreen.storyboard in Resources */,
				A53EA42726A57D4A00D673D7 /* Assets.xcassets in Resources */,
				A5758E582871E45400BFAD97 /* FilterView.xib in Resources */,
				A53EA42526A57D4800D673D7 /* Main.storyboard in Resources */,
				A5EC50492809EDC200F7DCD6 /* StickerView.xib in Resources */,
				A5F1162827FCAFF20060CF2C /* Home.storyboard in Resources */,
			);
			runOnlyForDeploymentPostprocessing = 0;
		};
/* End PBXResourcesBuildPhase section */

/* Begin PBXSourcesBuildPhase section */
		A53EA41626A57D4800D673D7 /* Sources */ = {
			isa = PBXSourcesBuildPhase;
			buildActionMask = 2147483647;
			files = (
				A5758E562871E44400BFAD97 /* FilterView.swift in Sources */,
				A590EE3A2870BCEF00F28815 /* TOCropScrollView.m in Sources */,
				A590EE372870BCEF00F28815 /* TOCroppedImageAttributes.m in Sources */,
				A5675DB828205967007F0881 /* StickerCollectionViewCell.swift in Sources */,
				A590EE3B2870BCEF00F28815 /* TOCropView.m in Sources */,
				A590EE3D2870BCEF00F28815 /* TOCropToolbar.m in Sources */,
				A590EE352870BCEF00F28815 /* TOActivityCroppedImageProvider.m in Sources */,
				A590EE3C2870BCEF00F28815 /* TOCropOverlayView.m in Sources */,
				A53EA42226A57D4800D673D7 /* SelectViewController.swift in Sources */,
				A590ED3F2870BA4200F28815 /* CropViewController.swift in Sources */,
				A53EA41E26A57D4800D673D7 /* AppDelegate.swift in Sources */,
				A581C8A326AAE15C00501923 /* File.swift in Sources */,
				A590EE382870BCEF00F28815 /* TOCropViewController.m in Sources */,
				A53EA43826A61E7A00D673D7 /* EditorViewController.swift in Sources */,
				A5EC50472809EDA900F7DCD6 /* StickerView.swift in Sources */,
				A5675DBB28244DCC007F0881 /* StickerContainerView.swift in Sources */,
				A590EE3E2870BCEF00F28815 /* UIImage+CropRotate.m in Sources */,
				A590EE362870BCEF00F28815 /* TOCropViewControllerTransitioning.m in Sources */,
				A5758E5C2871F83000BFAD97 /* UIImage+Extention.swift in Sources */,
				A53EA43C26A7DC2500D673D7 /* FilterCollectionViewCell.swift in Sources */,
				A5F1162A27FCB4170060CF2C /* HomeViewController.swift in Sources */,
				A5FA11FB286F57E700DFEE55 /* EditViewController.swift in Sources */,
				A53EA43626A593D900D673D7 /* Extensions.swift in Sources */,
			);
			runOnlyForDeploymentPostprocessing = 0;
		};
/* End PBXSourcesBuildPhase section */

/* Begin PBXVariantGroup section */
		A53EA42326A57D4800D673D7 /* Main.storyboard */ = {
			isa = PBXVariantGroup;
			children = (
				A53EA42426A57D4800D673D7 /* Base */,
			);
			name = Main.storyboard;
			sourceTree = "<group>";
		};
		A53EA42826A57D4A00D673D7 /* LaunchScreen.storyboard */ = {
			isa = PBXVariantGroup;
			children = (
				A53EA42926A57D4A00D673D7 /* Base */,
			);
			name = LaunchScreen.storyboard;
			sourceTree = "<group>";
		};
/* End PBXVariantGroup section */

/* Begin XCBuildConfiguration section */
		A53EA42C26A57D4A00D673D7 /* Debug */ = {
			isa = XCBuildConfiguration;
			buildSettings = {
				ALWAYS_SEARCH_USER_PATHS = NO;
				CLANG_ANALYZER_NONNULL = YES;
				CLANG_ANALYZER_NUMBER_OBJECT_CONVERSION = YES_AGGRESSIVE;
				CLANG_CXX_LANGUAGE_STANDARD = "gnu++14";
				CLANG_CXX_LIBRARY = "libc++";
				CLANG_ENABLE_MODULES = YES;
				CLANG_ENABLE_OBJC_ARC = YES;
				CLANG_ENABLE_OBJC_WEAK = YES;
				CLANG_WARN_BLOCK_CAPTURE_AUTORELEASING = YES;
				CLANG_WARN_BOOL_CONVERSION = YES;
				CLANG_WARN_COMMA = YES;
				CLANG_WARN_CONSTANT_CONVERSION = YES;
				CLANG_WARN_DEPRECATED_OBJC_IMPLEMENTATIONS = YES;
				CLANG_WARN_DIRECT_OBJC_ISA_USAGE = YES_ERROR;
				CLANG_WARN_DOCUMENTATION_COMMENTS = YES;
				CLANG_WARN_EMPTY_BODY = YES;
				CLANG_WARN_ENUM_CONVERSION = YES;
				CLANG_WARN_INFINITE_RECURSION = YES;
				CLANG_WARN_INT_CONVERSION = YES;
				CLANG_WARN_NON_LITERAL_NULL_CONVERSION = YES;
				CLANG_WARN_OBJC_IMPLICIT_RETAIN_SELF = YES;
				CLANG_WARN_OBJC_LITERAL_CONVERSION = YES;
				CLANG_WARN_OBJC_ROOT_CLASS = YES_ERROR;
				CLANG_WARN_QUOTED_INCLUDE_IN_FRAMEWORK_HEADER = YES;
				CLANG_WARN_RANGE_LOOP_ANALYSIS = YES;
				CLANG_WARN_STRICT_PROTOTYPES = YES;
				CLANG_WARN_SUSPICIOUS_MOVE = YES;
				CLANG_WARN_UNGUARDED_AVAILABILITY = YES_AGGRESSIVE;
				CLANG_WARN_UNREACHABLE_CODE = YES;
				CLANG_WARN__DUPLICATE_METHOD_MATCH = YES;
				COPY_PHASE_STRIP = NO;
				DEBUG_INFORMATION_FORMAT = dwarf;
				ENABLE_STRICT_OBJC_MSGSEND = YES;
				ENABLE_TESTABILITY = YES;
				GCC_C_LANGUAGE_STANDARD = gnu11;
				GCC_DYNAMIC_NO_PIC = NO;
				GCC_NO_COMMON_BLOCKS = YES;
				GCC_OPTIMIZATION_LEVEL = 0;
				GCC_PREPROCESSOR_DEFINITIONS = (
					"DEBUG=1",
					"$(inherited)",
				);
				GCC_WARN_64_TO_32_BIT_CONVERSION = YES;
				GCC_WARN_ABOUT_RETURN_TYPE = YES_ERROR;
				GCC_WARN_UNDECLARED_SELECTOR = YES;
				GCC_WARN_UNINITIALIZED_AUTOS = YES_AGGRESSIVE;
				GCC_WARN_UNUSED_FUNCTION = YES;
				GCC_WARN_UNUSED_VARIABLE = YES;
				IPHONEOS_DEPLOYMENT_TARGET = 14.5;
				MTL_ENABLE_DEBUG_INFO = INCLUDE_SOURCE;
				MTL_FAST_MATH = YES;
				ONLY_ACTIVE_ARCH = YES;
				SDKROOT = iphoneos;
				SWIFT_ACTIVE_COMPILATION_CONDITIONS = DEBUG;
				SWIFT_OPTIMIZATION_LEVEL = "-Onone";
			};
			name = Debug;
		};
		A53EA42D26A57D4A00D673D7 /* Release */ = {
			isa = XCBuildConfiguration;
			buildSettings = {
				ALWAYS_SEARCH_USER_PATHS = NO;
				CLANG_ANALYZER_NONNULL = YES;
				CLANG_ANALYZER_NUMBER_OBJECT_CONVERSION = YES_AGGRESSIVE;
				CLANG_CXX_LANGUAGE_STANDARD = "gnu++14";
				CLANG_CXX_LIBRARY = "libc++";
				CLANG_ENABLE_MODULES = YES;
				CLANG_ENABLE_OBJC_ARC = YES;
				CLANG_ENABLE_OBJC_WEAK = YES;
				CLANG_WARN_BLOCK_CAPTURE_AUTORELEASING = YES;
				CLANG_WARN_BOOL_CONVERSION = YES;
				CLANG_WARN_COMMA = YES;
				CLANG_WARN_CONSTANT_CONVERSION = YES;
				CLANG_WARN_DEPRECATED_OBJC_IMPLEMENTATIONS = YES;
				CLANG_WARN_DIRECT_OBJC_ISA_USAGE = YES_ERROR;
				CLANG_WARN_DOCUMENTATION_COMMENTS = YES;
				CLANG_WARN_EMPTY_BODY = YES;
				CLANG_WARN_ENUM_CONVERSION = YES;
				CLANG_WARN_INFINITE_RECURSION = YES;
				CLANG_WARN_INT_CONVERSION = YES;
				CLANG_WARN_NON_LITERAL_NULL_CONVERSION = YES;
				CLANG_WARN_OBJC_IMPLICIT_RETAIN_SELF = YES;
				CLANG_WARN_OBJC_LITERAL_CONVERSION = YES;
				CLANG_WARN_OBJC_ROOT_CLASS = YES_ERROR;
				CLANG_WARN_QUOTED_INCLUDE_IN_FRAMEWORK_HEADER = YES;
				CLANG_WARN_RANGE_LOOP_ANALYSIS = YES;
				CLANG_WARN_STRICT_PROTOTYPES = YES;
				CLANG_WARN_SUSPICIOUS_MOVE = YES;
				CLANG_WARN_UNGUARDED_AVAILABILITY = YES_AGGRESSIVE;
				CLANG_WARN_UNREACHABLE_CODE = YES;
				CLANG_WARN__DUPLICATE_METHOD_MATCH = YES;
				COPY_PHASE_STRIP = NO;
				DEBUG_INFORMATION_FORMAT = "dwarf-with-dsym";
				ENABLE_NS_ASSERTIONS = NO;
				ENABLE_STRICT_OBJC_MSGSEND = YES;
				GCC_C_LANGUAGE_STANDARD = gnu11;
				GCC_NO_COMMON_BLOCKS = YES;
				GCC_WARN_64_TO_32_BIT_CONVERSION = YES;
				GCC_WARN_ABOUT_RETURN_TYPE = YES_ERROR;
				GCC_WARN_UNDECLARED_SELECTOR = YES;
				GCC_WARN_UNINITIALIZED_AUTOS = YES_AGGRESSIVE;
				GCC_WARN_UNUSED_FUNCTION = YES;
				GCC_WARN_UNUSED_VARIABLE = YES;
				IPHONEOS_DEPLOYMENT_TARGET = 14.5;
				MTL_ENABLE_DEBUG_INFO = NO;
				MTL_FAST_MATH = YES;
				SDKROOT = iphoneos;
				SWIFT_COMPILATION_MODE = wholemodule;
				SWIFT_OPTIMIZATION_LEVEL = "-O";
				VALIDATE_PRODUCT = YES;
			};
			name = Release;
		};
		A53EA42F26A57D4A00D673D7 /* Debug */ = {
			isa = XCBuildConfiguration;
			buildSettings = {
				ASSETCATALOG_COMPILER_APPICON_NAME = AppIcon;
				ASSETCATALOG_COMPILER_GLOBAL_ACCENT_COLOR_NAME = AccentColor;
				CODE_SIGN_STYLE = Automatic;
				DEVELOPMENT_TEAM = RQVJYTTKXF;
				INFOPLIST_FILE = PhotoEditor/Info.plist;
				LD_RUNPATH_SEARCH_PATHS = (
					"$(inherited)",
					"@executable_path/Frameworks",
				);
				PRODUCT_BUNDLE_IDENTIFIER = com.chinmoy.testApp;
				PRODUCT_NAME = "$(TARGET_NAME)";
				SWIFT_OBJC_BRIDGING_HEADER = "PhotoEditor/Resources/Bridging-Header.h";
				SWIFT_VERSION = 5.0;
				TARGETED_DEVICE_FAMILY = "1,2";
			};
			name = Debug;
		};
		A53EA43026A57D4A00D673D7 /* Release */ = {
			isa = XCBuildConfiguration;
			buildSettings = {
				ASSETCATALOG_COMPILER_APPICON_NAME = AppIcon;
				ASSETCATALOG_COMPILER_GLOBAL_ACCENT_COLOR_NAME = AccentColor;
				CODE_SIGN_STYLE = Automatic;
				DEVELOPMENT_TEAM = RQVJYTTKXF;
				INFOPLIST_FILE = PhotoEditor/Info.plist;
				LD_RUNPATH_SEARCH_PATHS = (
					"$(inherited)",
					"@executable_path/Frameworks",
				);
				PRODUCT_BUNDLE_IDENTIFIER = com.chinmoy.testApp;
				PRODUCT_NAME = "$(TARGET_NAME)";
				SWIFT_OBJC_BRIDGING_HEADER = "PhotoEditor/Resources/Bridging-Header.h";
				SWIFT_VERSION = 5.0;
				TARGETED_DEVICE_FAMILY = "1,2";
			};
			name = Release;
		};
/* End XCBuildConfiguration section */

/* Begin XCConfigurationList section */
		A53EA41526A57D4800D673D7 /* Build configuration list for PBXProject "PhotoEditor" */ = {
			isa = XCConfigurationList;
			buildConfigurations = (
				A53EA42C26A57D4A00D673D7 /* Debug */,
				A53EA42D26A57D4A00D673D7 /* Release */,
			);
			defaultConfigurationIsVisible = 0;
			defaultConfigurationName = Release;
		};
		A53EA42E26A57D4A00D673D7 /* Build configuration list for PBXNativeTarget "PhotoEditor" */ = {
			isa = XCConfigurationList;
			buildConfigurations = (
				A53EA42F26A57D4A00D673D7 /* Debug */,
				A53EA43026A57D4A00D673D7 /* Release */,
			);
			defaultConfigurationIsVisible = 0;
			defaultConfigurationName = Release;
		};
/* End XCConfigurationList section */
	};
	rootObject = A53EA41226A57D4800D673D7 /* Project object */;
}
